
Microsoft Visual Studio Solution File, Format Version 12.00
# Visual Studio 15
VisualStudioVersion = 15.0.28307.168
MinimumVisualStudioVersion = 10.0.40219.1
Project("{2150E333-8FDC-42A3-9474-1A3956D46DE8}") = "Core", "Core", "{9E23407B-0925-4922-B00D-400643A5F124}"
EndProject
Project("{2150E333-8FDC-42A3-9474-1A3956D46DE8}") = "Tests", "Tests", "{70C58A6D-473F-4DFA-876C-640192F9725D}"
EndProject
Project("{9A19103F-16F7-4668-BE54-9A1E7A4F7556}") = "Core", "Core\Core.csproj", "{865617F5-DC94-4763-B8C6-546000C2062A}"
EndProject
Project("{9A19103F-16F7-4668-BE54-9A1E7A4F7556}") = "API", "API\API.csproj", "{5B28AD1F-6D30-4CD9-9B28-6524A0F83158}"
EndProject
Project("{9A19103F-16F7-4668-BE54-9A1E7A4F7556}") = "API.IntegrationTests", "API.IntegrationTests\API.IntegrationTests.csproj", "{98537D73-A907-4E04-98A4-1CDA581EECD1}"
EndProject
Global
	GlobalSection(SolutionConfigurationPlatforms) = preSolution
		Debug|Any CPU = Debug|Any CPU
		Release|Any CPU = Release|Any CPU
	EndGlobalSection
	GlobalSection(ProjectConfigurationPlatforms) = postSolution
		{865617F5-DC94-4763-B8C6-546000C2062A}.Debug|Any CPU.ActiveCfg = Debug|Any CPU
		{865617F5-DC94-4763-B8C6-546000C2062A}.Debug|Any CPU.Build.0 = Debug|Any CPU
		{865617F5-DC94-4763-B8C6-546000C2062A}.Release|Any CPU.ActiveCfg = Release|Any CPU
		{865617F5-DC94-4763-B8C6-546000C2062A}.Release|Any CPU.Build.0 = Release|Any CPU
		{5B28AD1F-6D30-4CD9-9B28-6524A0F83158}.Debug|Any CPU.ActiveCfg = Debug|Any CPU
		{5B28AD1F-6D30-4CD9-9B28-6524A0F83158}.Debug|Any CPU.Build.0 = Debug|Any CPU
		{5B28AD1F-6D30-4CD9-9B28-6524A0F83158}.Release|Any CPU.ActiveCfg = Release|Any CPU
		{5B28AD1F-6D30-4CD9-9B28-6524A0F83158}.Release|Any CPU.Build.0 = Release|Any CPU
		{98537D73-A907-4E04-98A4-1CDA581EECD1}.Debug|Any CPU.ActiveCfg = Debug|Any CPU
		{98537D73-A907-4E04-98A4-1CDA581EECD1}.Debug|Any CPU.Build.0 = Debug|Any CPU
		{98537D73-A907-4E04-98A4-1CDA581EECD1}.Release|Any CPU.ActiveCfg = Release|Any CPU
		{98537D73-A907-4E04-98A4-1CDA581EECD1}.Release|Any CPU.Build.0 = Release|Any CPU
	EndGlobalSection
	GlobalSection(SolutionProperties) = preSolution
		HideSolutionNode = FALSE
	EndGlobalSection
	GlobalSection(NestedProjects) = preSolution
		{865617F5-DC94-4763-B8C6-546000C2062A} = {9E23407B-0925-4922-B00D-400643A5F124}
		{5B28AD1F-6D30-4CD9-9B28-6524A0F83158} = {9E23407B-0925-4922-B00D-400643A5F124}
		{98537D73-A907-4E04-98A4-1CDA581EECD1} = {70C58A6D-473F-4DFA-876C-640192F9725D}
	EndGlobalSection
	GlobalSection(ExtensibilityGlobals) = postSolution
		SolutionGuid = {FE814790-427A-4E0A-9E69-687DBE61D40D}
	EndGlobalSection
EndGlobal
