
Microsoft Visual Studio Solution File, Format Version 12.00
# Visual Studio 15
VisualStudioVersion = 15.0.28307.168
MinimumVisualStudioVersion = 10.0.40219.1
Project("{FAE04EC0-301F-11D3-BF4B-00C04F79EFBC}") = "YetAnotherWheatherApp", "YetAnotherWheatherApp\YetAnotherWheatherApp.csproj", "{4CE236F9-4785-4AB0-AC75-93B4CDFB285F}"
EndProject
Project("{FAE04EC0-301F-11D3-BF4B-00C04F79EFBC}") = "YetAnotherWheatherApp.API", "YetAnotherWheatherApp.API\YetAnotherWheatherApp.API.csproj", "{6AF86801-8EAE-4C5F-BB52-A8D0D1531310}"
EndProject
Global
	GlobalSection(SolutionConfigurationPlatforms) = preSolution
		Debug|Any CPU = Debug|Any CPU
		Release|Any CPU = Release|Any CPU
	EndGlobalSection
	GlobalSection(ProjectConfigurationPlatforms) = postSolution
		{4CE236F9-4785-4AB0-AC75-93B4CDFB285F}.Debug|Any CPU.ActiveCfg = Debug|Any CPU
		{4CE236F9-4785-4AB0-AC75-93B4CDFB285F}.Debug|Any CPU.Build.0 = Debug|Any CPU
		{4CE236F9-4785-4AB0-AC75-93B4CDFB285F}.Release|Any CPU.ActiveCfg = Release|Any CPU
		{4CE236F9-4785-4AB0-AC75-93B4CDFB285F}.Release|Any CPU.Build.0 = Release|Any CPU
		{6AF86801-8EAE-4C5F-BB52-A8D0D1531310}.Debug|Any CPU.ActiveCfg = Debug|Any CPU
		{6AF86801-8EAE-4C5F-BB52-A8D0D1531310}.Debug|Any CPU.Build.0 = Debug|Any CPU
		{6AF86801-8EAE-4C5F-BB52-A8D0D1531310}.Release|Any CPU.ActiveCfg = Release|Any CPU
		{6AF86801-8EAE-4C5F-BB52-A8D0D1531310}.Release|Any CPU.Build.0 = Release|Any CPU
	EndGlobalSection
	GlobalSection(SolutionProperties) = preSolution
		HideSolutionNode = FALSE
	EndGlobalSection
	GlobalSection(ExtensibilityGlobals) = postSolution
		SolutionGuid = {FE814790-427A-4E0A-9E69-687DBE61D40D}
	EndGlobalSection
EndGlobal
